
Microsoft Visual Studio Solution File, Format Version 12.00
# Visual Studio 15
Project("{FAE04EC0-301F-11D3-BF4B-00C04F79EFBC}") = "uken_assignmentA", "uken_assignmentA\uken_assignmentA.csproj", "{0DB7B3A5-4872-4866-81F3-1041274A2656}"
EndProject
Global
	GlobalSection(SolutionConfigurationPlatforms) = preSolution
		Debug|anycpu = Debug|anycpu
		Release|anycpu = Release|anycpu
	EndGlobalSection
	GlobalSection(ProjectConfigurationPlatforms) = postSolution
		{0DB7B3A5-4872-4866-81F3-1041274A2656}.Debug|anycpu.ActiveCfg = Debug|anycpu
		{0DB7B3A5-4872-4866-81F3-1041274A2656}.Debug|anycpu.Build.0 = Debug|anycpu
		{0DB7B3A5-4872-4866-81F3-1041274A2656}.Release|anycpu.ActiveCfg = Release|anycpu
		{0DB7B3A5-4872-4866-81F3-1041274A2656}.Release|anycpu.Build.0 = Release|anycpu
	EndGlobalSection
EndGlobal
